
Microsoft Visual Studio Solution File, Format Version 12.00
# Visual Studio 15
VisualStudioVersion = 15.0.27130.2010
MinimumVisualStudioVersion = 10.0.40219.1
Project("{FAE04EC0-301F-11D3-BF4B-00C04F79EFBC}") = "todolist.Android", "todolist\todolist.Android\todolist.Android.csproj", "{713C9B91-26A6-4B3E-9C04-C8D59B44CC00}"
EndProject
Project("{FAE04EC0-301F-11D3-BF4B-00C04F79EFBC}") = "todolist.iOS", "todolist\todolist.iOS\todolist.iOS.csproj", "{CD545B0C-08D3-416F-A3A3-D794C2A8641F}"
EndProject
Project("{FAE04EC0-301F-11D3-BF4B-00C04F79EFBC}") = "todolist.UWP", "todolist\todolist.UWP\todolist.UWP.csproj", "{B4E99421-BF36-401F-8EBA-C79F96D91F5C}"
EndProject
Project("{FAE04EC0-301F-11D3-BF4B-00C04F79EFBC}") = "todolist", "todolist\todolist\todolist.csproj", "{3B3D768F-4045-47C1-A78B-A47DC778238A}"
EndProject
Global
	GlobalSection(SolutionConfigurationPlatforms) = preSolution
		Ad-Hoc|Any CPU = Ad-Hoc|Any CPU
		Ad-Hoc|ARM = Ad-Hoc|ARM
		Ad-Hoc|iPhone = Ad-Hoc|iPhone
		Ad-Hoc|iPhoneSimulator = Ad-Hoc|iPhoneSimulator
		Ad-Hoc|x64 = Ad-Hoc|x64
		Ad-Hoc|x86 = Ad-Hoc|x86
		AppStore|Any CPU = AppStore|Any CPU
		AppStore|ARM = AppStore|ARM
		AppStore|iPhone = AppStore|iPhone
		AppStore|iPhoneSimulator = AppStore|iPhoneSimulator
		AppStore|x64 = AppStore|x64
		AppStore|x86 = AppStore|x86
		Debug|Any CPU = Debug|Any CPU
		Debug|ARM = Debug|ARM
		Debug|iPhone = Debug|iPhone
		Debug|iPhoneSimulator = Debug|iPhoneSimulator
		Debug|x64 = Debug|x64
		Debug|x86 = Debug|x86
		Release|Any CPU = Release|Any CPU
		Release|ARM = Release|ARM
		Release|iPhone = Release|iPhone
		Release|iPhoneSimulator = Release|iPhoneSimulator
		Release|x64 = Release|x64
		Release|x86 = Release|x86
	EndGlobalSection
	GlobalSection(ProjectConfigurationPlatforms) = postSolution
		{713C9B91-26A6-4B3E-9C04-C8D59B44CC00}.Ad-Hoc|Any CPU.ActiveCfg = Release|Any CPU
		{713C9B91-26A6-4B3E-9C04-C8D59B44CC00}.Ad-Hoc|Any CPU.Build.0 = Release|Any CPU
		{713C9B91-26A6-4B3E-9C04-C8D59B44CC00}.Ad-Hoc|Any CPU.Deploy.0 = Release|Any CPU
		{713C9B91-26A6-4B3E-9C04-C8D59B44CC00}.Ad-Hoc|ARM.ActiveCfg = Release|Any CPU
		{713C9B91-26A6-4B3E-9C04-C8D59B44CC00}.Ad-Hoc|ARM.Build.0 = Release|Any CPU
		{713C9B91-26A6-4B3E-9C04-C8D59B44CC00}.Ad-Hoc|ARM.Deploy.0 = Release|Any CPU
		{713C9B91-26A6-4B3E-9C04-C8D59B44CC00}.Ad-Hoc|iPhone.ActiveCfg = Release|Any CPU
		{713C9B91-26A6-4B3E-9C04-C8D59B44CC00}.Ad-Hoc|iPhone.Build.0 = Release|Any CPU
		{713C9B91-26A6-4B3E-9C04-C8D59B44CC00}.Ad-Hoc|iPhone.Deploy.0 = Release|Any CPU
		{713C9B91-26A6-4B3E-9C04-C8D59B44CC00}.Ad-Hoc|iPhoneSimulator.ActiveCfg = Release|Any CPU
		{713C9B91-26A6-4B3E-9C04-C8D59B44CC00}.Ad-Hoc|iPhoneSimulator.Build.0 = Release|Any CPU
		{713C9B91-26A6-4B3E-9C04-C8D59B44CC00}.Ad-Hoc|iPhoneSimulator.Deploy.0 = Release|Any CPU
		{713C9B91-26A6-4B3E-9C04-C8D59B44CC00}.Ad-Hoc|x64.ActiveCfg = Release|Any CPU
		{713C9B91-26A6-4B3E-9C04-C8D59B44CC00}.Ad-Hoc|x64.Build.0 = Release|Any CPU
		{713C9B91-26A6-4B3E-9C04-C8D59B44CC00}.Ad-Hoc|x64.Deploy.0 = Release|Any CPU
		{713C9B91-26A6-4B3E-9C04-C8D59B44CC00}.Ad-Hoc|x86.ActiveCfg = Release|Any CPU
		{713C9B91-26A6-4B3E-9C04-C8D59B44CC00}.Ad-Hoc|x86.Build.0 = Release|Any CPU
		{713C9B91-26A6-4B3E-9C04-C8D59B44CC00}.Ad-Hoc|x86.Deploy.0 = Release|Any CPU
		{713C9B91-26A6-4B3E-9C04-C8D59B44CC00}.AppStore|Any CPU.ActiveCfg = Release|Any CPU
		{713C9B91-26A6-4B3E-9C04-C8D59B44CC00}.AppStore|Any CPU.Build.0 = Release|Any CPU
		{713C9B91-26A6-4B3E-9C04-C8D59B44CC00}.AppStore|Any CPU.Deploy.0 = Release|Any CPU
		{713C9B91-26A6-4B3E-9C04-C8D59B44CC00}.AppStore|ARM.ActiveCfg = Release|Any CPU
		{713C9B91-26A6-4B3E-9C04-C8D59B44CC00}.AppStore|ARM.Build.0 = Release|Any CPU
		{713C9B91-26A6-4B3E-9C04-C8D59B44CC00}.AppStore|ARM.Deploy.0 = Release|Any CPU
		{713C9B91-26A6-4B3E-9C04-C8D59B44CC00}.AppStore|iPhone.ActiveCfg = Release|Any CPU
		{713C9B91-26A6-4B3E-9C04-C8D59B44CC00}.AppStore|iPhone.Build.0 = Release|Any CPU
		{713C9B91-26A6-4B3E-9C04-C8D59B44CC00}.AppStore|iPhone.Deploy.0 = Release|Any CPU
		{713C9B91-26A6-4B3E-9C04-C8D59B44CC00}.AppStore|iPhoneSimulator.ActiveCfg = Release|Any CPU
		{713C9B91-26A6-4B3E-9C04-C8D59B44CC00}.AppStore|iPhoneSimulator.Build.0 = Release|Any CPU
		{713C9B91-26A6-4B3E-9C04-C8D59B44CC00}.AppStore|iPhoneSimulator.Deploy.0 = Release|Any CPU
		{713C9B91-26A6-4B3E-9C04-C8D59B44CC00}.AppStore|x64.ActiveCfg = Release|Any CPU
		{713C9B91-26A6-4B3E-9C04-C8D59B44CC00}.AppStore|x64.Build.0 = Release|Any CPU
		{713C9B91-26A6-4B3E-9C04-C8D59B44CC00}.AppStore|x64.Deploy.0 = Release|Any CPU
		{713C9B91-26A6-4B3E-9C04-C8D59B44CC00}.AppStore|x86.ActiveCfg = Release|Any CPU
		{713C9B91-26A6-4B3E-9C04-C8D59B44CC00}.AppStore|x86.Build.0 = Release|Any CPU
		{713C9B91-26A6-4B3E-9C04-C8D59B44CC00}.AppStore|x86.Deploy.0 = Release|Any CPU
		{713C9B91-26A6-4B3E-9C04-C8D59B44CC00}.Debug|Any CPU.ActiveCfg = Debug|Any CPU
		{713C9B91-26A6-4B3E-9C04-C8D59B44CC00}.Debug|Any CPU.Build.0 = Debug|Any CPU
		{713C9B91-26A6-4B3E-9C04-C8D59B44CC00}.Debug|Any CPU.Deploy.0 = Debug|Any CPU
		{713C9B91-26A6-4B3E-9C04-C8D59B44CC00}.Debug|ARM.ActiveCfg = Debug|Any CPU
		{713C9B91-26A6-4B3E-9C04-C8D59B44CC00}.Debug|ARM.Build.0 = Debug|Any CPU
		{713C9B91-26A6-4B3E-9C04-C8D59B44CC00}.Debug|ARM.Deploy.0 = Debug|Any CPU
		{713C9B91-26A6-4B3E-9C04-C8D59B44CC00}.Debug|iPhone.ActiveCfg = Debug|Any CPU
		{713C9B91-26A6-4B3E-9C04-C8D59B44CC00}.Debug|iPhone.Build.0 = Debug|Any CPU
		{713C9B91-26A6-4B3E-9C04-C8D59B44CC00}.Debug|iPhone.Deploy.0 = Debug|Any CPU
		{713C9B91-26A6-4B3E-9C04-C8D59B44CC00}.Debug|iPhoneSimulator.ActiveCfg = Debug|Any CPU
		{713C9B91-26A6-4B3E-9C04-C8D59B44CC00}.Debug|iPhoneSimulator.Build.0 = Debug|Any CPU
		{713C9B91-26A6-4B3E-9C04-C8D59B44CC00}.Debug|iPhoneSimulator.Deploy.0 = Debug|Any CPU
		{713C9B91-26A6-4B3E-9C04-C8D59B44CC00}.Debug|x64.ActiveCfg = Debug|Any CPU
		{713C9B91-26A6-4B3E-9C04-C8D59B44CC00}.Debug|x64.Build.0 = Debug|Any CPU
		{713C9B91-26A6-4B3E-9C04-C8D59B44CC00}.Debug|x64.Deploy.0 = Debug|Any CPU
		{713C9B91-26A6-4B3E-9C04-C8D59B44CC00}.Debug|x86.ActiveCfg = Debug|Any CPU
		{713C9B91-26A6-4B3E-9C04-C8D59B44CC00}.Debug|x86.Build.0 = Debug|Any CPU
		{713C9B91-26A6-4B3E-9C04-C8D59B44CC00}.Debug|x86.Deploy.0 = Debug|Any CPU
		{713C9B91-26A6-4B3E-9C04-C8D59B44CC00}.Release|Any CPU.ActiveCfg = Release|Any CPU
		{713C9B91-26A6-4B3E-9C04-C8D59B44CC00}.Release|Any CPU.Build.0 = Release|Any CPU
		{713C9B91-26A6-4B3E-9C04-C8D59B44CC00}.Release|Any CPU.Deploy.0 = Release|Any CPU
		{713C9B91-26A6-4B3E-9C04-C8D59B44CC00}.Release|ARM.ActiveCfg = Release|Any CPU
		{713C9B91-26A6-4B3E-9C04-C8D59B44CC00}.Release|ARM.Build.0 = Release|Any CPU
		{713C9B91-26A6-4B3E-9C04-C8D59B44CC00}.Release|ARM.Deploy.0 = Release|Any CPU
		{713C9B91-26A6-4B3E-9C04-C8D59B44CC00}.Release|iPhone.ActiveCfg = Release|Any CPU
		{713C9B91-26A6-4B3E-9C04-C8D59B44CC00}.Release|iPhone.Build.0 = Release|Any CPU
		{713C9B91-26A6-4B3E-9C04-C8D59B44CC00}.Release|iPhone.Deploy.0 = Release|Any CPU
		{713C9B91-26A6-4B3E-9C04-C8D59B44CC00}.Release|iPhoneSimulator.ActiveCfg = Release|Any CPU
		{713C9B91-26A6-4B3E-9C04-C8D59B44CC00}.Release|iPhoneSimulator.Build.0 = Release|Any CPU
		{713C9B91-26A6-4B3E-9C04-C8D59B44CC00}.Release|iPhoneSimulator.Deploy.0 = Release|Any CPU
		{713C9B91-26A6-4B3E-9C04-C8D59B44CC00}.Release|x64.ActiveCfg = Release|Any CPU
		{713C9B91-26A6-4B3E-9C04-C8D59B44CC00}.Release|x64.Build.0 = Release|Any CPU
		{713C9B91-26A6-4B3E-9C04-C8D59B44CC00}.Release|x64.Deploy.0 = Release|Any CPU
		{713C9B91-26A6-4B3E-9C04-C8D59B44CC00}.Release|x86.ActiveCfg = Release|Any CPU
		{713C9B91-26A6-4B3E-9C04-C8D59B44CC00}.Release|x86.Build.0 = Release|Any CPU
		{713C9B91-26A6-4B3E-9C04-C8D59B44CC00}.Release|x86.Deploy.0 = Release|Any CPU
		{CD545B0C-08D3-416F-A3A3-D794C2A8641F}.Ad-Hoc|Any CPU.ActiveCfg = Ad-Hoc|iPhone
		{CD545B0C-08D3-416F-A3A3-D794C2A8641F}.Ad-Hoc|ARM.ActiveCfg = Ad-Hoc|iPhone
		{CD545B0C-08D3-416F-A3A3-D794C2A8641F}.Ad-Hoc|iPhone.ActiveCfg = Ad-Hoc|iPhone
		{CD545B0C-08D3-416F-A3A3-D794C2A8641F}.Ad-Hoc|iPhone.Build.0 = Ad-Hoc|iPhone
		{CD545B0C-08D3-416F-A3A3-D794C2A8641F}.Ad-Hoc|iPhoneSimulator.ActiveCfg = Ad-Hoc|iPhoneSimulator
		{CD545B0C-08D3-416F-A3A3-D794C2A8641F}.Ad-Hoc|iPhoneSimulator.Build.0 = Ad-Hoc|iPhoneSimulator
		{CD545B0C-08D3-416F-A3A3-D794C2A8641F}.Ad-Hoc|x64.ActiveCfg = Ad-Hoc|iPhone
		{CD545B0C-08D3-416F-A3A3-D794C2A8641F}.Ad-Hoc|x86.ActiveCfg = Ad-Hoc|iPhone
		{CD545B0C-08D3-416F-A3A3-D794C2A8641F}.AppStore|Any CPU.ActiveCfg = AppStore|iPhone
		{CD545B0C-08D3-416F-A3A3-D794C2A8641F}.AppStore|ARM.ActiveCfg = AppStore|iPhone
		{CD545B0C-08D3-416F-A3A3-D794C2A8641F}.AppStore|iPhone.ActiveCfg = AppStore|iPhone
		{CD545B0C-08D3-416F-A3A3-D794C2A8641F}.AppStore|iPhone.Build.0 = AppStore|iPhone
		{CD545B0C-08D3-416F-A3A3-D794C2A8641F}.AppStore|iPhoneSimulator.ActiveCfg = AppStore|iPhoneSimulator
		{CD545B0C-08D3-416F-A3A3-D794C2A8641F}.AppStore|iPhoneSimulator.Build.0 = AppStore|iPhoneSimulator
		{CD545B0C-08D3-416F-A3A3-D794C2A8641F}.AppStore|x64.ActiveCfg = AppStore|iPhone
		{CD545B0C-08D3-416F-A3A3-D794C2A8641F}.AppStore|x86.ActiveCfg = AppStore|iPhone
		{CD545B0C-08D3-416F-A3A3-D794C2A8641F}.Debug|Any CPU.ActiveCfg = Debug|iPhone
		{CD545B0C-08D3-416F-A3A3-D794C2A8641F}.Debug|ARM.ActiveCfg = Debug|iPhone
		{CD545B0C-08D3-416F-A3A3-D794C2A8641F}.Debug|iPhone.ActiveCfg = Debug|iPhone
		{CD545B0C-08D3-416F-A3A3-D794C2A8641F}.Debug|iPhone.Build.0 = Debug|iPhone
		{CD545B0C-08D3-416F-A3A3-D794C2A8641F}.Debug|iPhoneSimulator.ActiveCfg = Debug|iPhoneSimulator
		{CD545B0C-08D3-416F-A3A3-D794C2A8641F}.Debug|iPhoneSimulator.Build.0 = Debug|iPhoneSimulator
		{CD545B0C-08D3-416F-A3A3-D794C2A8641F}.Debug|x64.ActiveCfg = Debug|iPhone
		{CD545B0C-08D3-416F-A3A3-D794C2A8641F}.Debug|x86.ActiveCfg = Debug|iPhone
		{CD545B0C-08D3-416F-A3A3-D794C2A8641F}.Release|Any CPU.ActiveCfg = Release|iPhone
		{CD545B0C-08D3-416F-A3A3-D794C2A8641F}.Release|ARM.ActiveCfg = Release|iPhone
		{CD545B0C-08D3-416F-A3A3-D794C2A8641F}.Release|iPhone.ActiveCfg = Release|iPhone
		{CD545B0C-08D3-416F-A3A3-D794C2A8641F}.Release|iPhone.Build.0 = Release|iPhone
		{CD545B0C-08D3-416F-A3A3-D794C2A8641F}.Release|iPhoneSimulator.ActiveCfg = Release|iPhoneSimulator
		{CD545B0C-08D3-416F-A3A3-D794C2A8641F}.Release|iPhoneSimulator.Build.0 = Release|iPhoneSimulator
		{CD545B0C-08D3-416F-A3A3-D794C2A8641F}.Release|x64.ActiveCfg = Release|iPhone
		{CD545B0C-08D3-416F-A3A3-D794C2A8641F}.Release|x86.ActiveCfg = Release|iPhone
		{B4E99421-BF36-401F-8EBA-C79F96D91F5C}.Ad-Hoc|Any CPU.ActiveCfg = Release|x86
		{B4E99421-BF36-401F-8EBA-C79F96D91F5C}.Ad-Hoc|Any CPU.Build.0 = Release|x86
		{B4E99421-BF36-401F-8EBA-C79F96D91F5C}.Ad-Hoc|Any CPU.Deploy.0 = Release|x86
		{B4E99421-BF36-401F-8EBA-C79F96D91F5C}.Ad-Hoc|ARM.ActiveCfg = Release|ARM
		{B4E99421-BF36-401F-8EBA-C79F96D91F5C}.Ad-Hoc|ARM.Build.0 = Release|ARM
		{B4E99421-BF36-401F-8EBA-C79F96D91F5C}.Ad-Hoc|ARM.Deploy.0 = Release|ARM
		{B4E99421-BF36-401F-8EBA-C79F96D91F5C}.Ad-Hoc|iPhone.ActiveCfg = Release|x86
		{B4E99421-BF36-401F-8EBA-C79F96D91F5C}.Ad-Hoc|iPhone.Build.0 = Release|x86
		{B4E99421-BF36-401F-8EBA-C79F96D91F5C}.Ad-Hoc|iPhone.Deploy.0 = Release|x86
		{B4E99421-BF36-401F-8EBA-C79F96D91F5C}.Ad-Hoc|iPhoneSimulator.ActiveCfg = Release|x86
		{B4E99421-BF36-401F-8EBA-C79F96D91F5C}.Ad-Hoc|iPhoneSimulator.Build.0 = Release|x86
		{B4E99421-BF36-401F-8EBA-C79F96D91F5C}.Ad-Hoc|iPhoneSimulator.Deploy.0 = Release|x86
		{B4E99421-BF36-401F-8EBA-C79F96D91F5C}.Ad-Hoc|x64.ActiveCfg = Release|x64
		{B4E99421-BF36-401F-8EBA-C79F96D91F5C}.Ad-Hoc|x64.Build.0 = Release|x64
		{B4E99421-BF36-401F-8EBA-C79F96D91F5C}.Ad-Hoc|x64.Deploy.0 = Release|x64
		{B4E99421-BF36-401F-8EBA-C79F96D91F5C}.Ad-Hoc|x86.ActiveCfg = Release|x86
		{B4E99421-BF36-401F-8EBA-C79F96D91F5C}.Ad-Hoc|x86.Build.0 = Release|x86
		{B4E99421-BF36-401F-8EBA-C79F96D91F5C}.Ad-Hoc|x86.Deploy.0 = Release|x86
		{B4E99421-BF36-401F-8EBA-C79F96D91F5C}.AppStore|Any CPU.ActiveCfg = Release|x86
		{B4E99421-BF36-401F-8EBA-C79F96D91F5C}.AppStore|Any CPU.Build.0 = Release|x86
		{B4E99421-BF36-401F-8EBA-C79F96D91F5C}.AppStore|Any CPU.Deploy.0 = Release|x86
		{B4E99421-BF36-401F-8EBA-C79F96D91F5C}.AppStore|ARM.ActiveCfg = Release|ARM
		{B4E99421-BF36-401F-8EBA-C79F96D91F5C}.AppStore|ARM.Build.0 = Release|ARM
		{B4E99421-BF36-401F-8EBA-C79F96D91F5C}.AppStore|ARM.Deploy.0 = Release|ARM
		{B4E99421-BF36-401F-8EBA-C79F96D91F5C}.AppStore|iPhone.ActiveCfg = Release|x86
		{B4E99421-BF36-401F-8EBA-C79F96D91F5C}.AppStore|iPhone.Build.0 = Release|x86
		{B4E99421-BF36-401F-8EBA-C79F96D91F5C}.AppStore|iPhone.Deploy.0 = Release|x86
		{B4E99421-BF36-401F-8EBA-C79F96D91F5C}.AppStore|iPhoneSimulator.ActiveCfg = Release|x86
		{B4E99421-BF36-401F-8EBA-C79F96D91F5C}.AppStore|iPhoneSimulator.Build.0 = Release|x86
		{B4E99421-BF36-401F-8EBA-C79F96D91F5C}.AppStore|iPhoneSimulator.Deploy.0 = Release|x86
		{B4E99421-BF36-401F-8EBA-C79F96D91F5C}.AppStore|x64.ActiveCfg = Release|x64
		{B4E99421-BF36-401F-8EBA-C79F96D91F5C}.AppStore|x64.Build.0 = Release|x64
		{B4E99421-BF36-401F-8EBA-C79F96D91F5C}.AppStore|x64.Deploy.0 = Release|x64
		{B4E99421-BF36-401F-8EBA-C79F96D91F5C}.AppStore|x86.ActiveCfg = Release|x86
		{B4E99421-BF36-401F-8EBA-C79F96D91F5C}.AppStore|x86.Build.0 = Release|x86
		{B4E99421-BF36-401F-8EBA-C79F96D91F5C}.AppStore|x86.Deploy.0 = Release|x86
		{B4E99421-BF36-401F-8EBA-C79F96D91F5C}.Debug|Any CPU.ActiveCfg = Debug|x86
		{B4E99421-BF36-401F-8EBA-C79F96D91F5C}.Debug|ARM.ActiveCfg = Debug|ARM
		{B4E99421-BF36-401F-8EBA-C79F96D91F5C}.Debug|ARM.Build.0 = Debug|ARM
		{B4E99421-BF36-401F-8EBA-C79F96D91F5C}.Debug|ARM.Deploy.0 = Debug|ARM
		{B4E99421-BF36-401F-8EBA-C79F96D91F5C}.Debug|iPhone.ActiveCfg = Debug|x86
		{B4E99421-BF36-401F-8EBA-C79F96D91F5C}.Debug|iPhoneSimulator.ActiveCfg = Debug|x86
		{B4E99421-BF36-401F-8EBA-C79F96D91F5C}.Debug|x64.ActiveCfg = Debug|x64
		{B4E99421-BF36-401F-8EBA-C79F96D91F5C}.Debug|x64.Build.0 = Debug|x64
		{B4E99421-BF36-401F-8EBA-C79F96D91F5C}.Debug|x64.Deploy.0 = Debug|x64
		{B4E99421-BF36-401F-8EBA-C79F96D91F5C}.Debug|x86.ActiveCfg = Debug|x86
		{B4E99421-BF36-401F-8EBA-C79F96D91F5C}.Debug|x86.Build.0 = Debug|x86
		{B4E99421-BF36-401F-8EBA-C79F96D91F5C}.Debug|x86.Deploy.0 = Debug|x86
		{B4E99421-BF36-401F-8EBA-C79F96D91F5C}.Release|Any CPU.ActiveCfg = Release|x86
		{B4E99421-BF36-401F-8EBA-C79F96D91F5C}.Release|ARM.ActiveCfg = Release|ARM
		{B4E99421-BF36-401F-8EBA-C79F96D91F5C}.Release|ARM.Build.0 = Release|ARM
		{B4E99421-BF36-401F-8EBA-C79F96D91F5C}.Release|ARM.Deploy.0 = Release|ARM
		{B4E99421-BF36-401F-8EBA-C79F96D91F5C}.Release|iPhone.ActiveCfg = Release|x86
		{B4E99421-BF36-401F-8EBA-C79F96D91F5C}.Release|iPhoneSimulator.ActiveCfg = Release|x86
		{B4E99421-BF36-401F-8EBA-C79F96D91F5C}.Release|x64.ActiveCfg = Release|x64
		{B4E99421-BF36-401F-8EBA-C79F96D91F5C}.Release|x64.Build.0 = Release|x64
		{B4E99421-BF36-401F-8EBA-C79F96D91F5C}.Release|x64.Deploy.0 = Release|x64
		{B4E99421-BF36-401F-8EBA-C79F96D91F5C}.Release|x86.ActiveCfg = Release|x86
		{B4E99421-BF36-401F-8EBA-C79F96D91F5C}.Release|x86.Build.0 = Release|x86
		{B4E99421-BF36-401F-8EBA-C79F96D91F5C}.Release|x86.Deploy.0 = Release|x86
		{3B3D768F-4045-47C1-A78B-A47DC778238A}.Ad-Hoc|Any CPU.ActiveCfg = Debug|Any CPU
		{3B3D768F-4045-47C1-A78B-A47DC778238A}.Ad-Hoc|Any CPU.Build.0 = Debug|Any CPU
		{3B3D768F-4045-47C1-A78B-A47DC778238A}.Ad-Hoc|ARM.ActiveCfg = Debug|Any CPU
		{3B3D768F-4045-47C1-A78B-A47DC778238A}.Ad-Hoc|ARM.Build.0 = Debug|Any CPU
		{3B3D768F-4045-47C1-A78B-A47DC778238A}.Ad-Hoc|iPhone.ActiveCfg = Debug|Any CPU
		{3B3D768F-4045-47C1-A78B-A47DC778238A}.Ad-Hoc|iPhone.Build.0 = Debug|Any CPU
		{3B3D768F-4045-47C1-A78B-A47DC778238A}.Ad-Hoc|iPhoneSimulator.ActiveCfg = Debug|Any CPU
		{3B3D768F-4045-47C1-A78B-A47DC778238A}.Ad-Hoc|iPhoneSimulator.Build.0 = Debug|Any CPU
		{3B3D768F-4045-47C1-A78B-A47DC778238A}.Ad-Hoc|x64.ActiveCfg = Debug|Any CPU
		{3B3D768F-4045-47C1-A78B-A47DC778238A}.Ad-Hoc|x64.Build.0 = Debug|Any CPU
		{3B3D768F-4045-47C1-A78B-A47DC778238A}.Ad-Hoc|x86.ActiveCfg = Debug|Any CPU
		{3B3D768F-4045-47C1-A78B-A47DC778238A}.Ad-Hoc|x86.Build.0 = Debug|Any CPU
		{3B3D768F-4045-47C1-A78B-A47DC778238A}.AppStore|Any CPU.ActiveCfg = Debug|Any CPU
		{3B3D768F-4045-47C1-A78B-A47DC778238A}.AppStore|Any CPU.Build.0 = Debug|Any CPU
		{3B3D768F-4045-47C1-A78B-A47DC778238A}.AppStore|ARM.ActiveCfg = Debug|Any CPU
		{3B3D768F-4045-47C1-A78B-A47DC778238A}.AppStore|ARM.Build.0 = Debug|Any CPU
		{3B3D768F-4045-47C1-A78B-A47DC778238A}.AppStore|iPhone.ActiveCfg = Debug|Any CPU
		{3B3D768F-4045-47C1-A78B-A47DC778238A}.AppStore|iPhone.Build.0 = Debug|Any CPU
		{3B3D768F-4045-47C1-A78B-A47DC778238A}.AppStore|iPhoneSimulator.ActiveCfg = Debug|Any CPU
		{3B3D768F-4045-47C1-A78B-A47DC778238A}.AppStore|iPhoneSimulator.Build.0 = Debug|Any CPU
		{3B3D768F-4045-47C1-A78B-A47DC778238A}.AppStore|x64.ActiveCfg = Debug|Any CPU
		{3B3D768F-4045-47C1-A78B-A47DC778238A}.AppStore|x64.Build.0 = Debug|Any CPU
		{3B3D768F-4045-47C1-A78B-A47DC778238A}.AppStore|x86.ActiveCfg = Debug|Any CPU
		{3B3D768F-4045-47C1-A78B-A47DC778238A}.AppStore|x86.Build.0 = Debug|Any CPU
		{3B3D768F-4045-47C1-A78B-A47DC778238A}.Debug|Any CPU.ActiveCfg = Debug|Any CPU
		{3B3D768F-4045-47C1-A78B-A47DC778238A}.Debug|Any CPU.Build.0 = Debug|Any CPU
		{3B3D768F-4045-47C1-A78B-A47DC778238A}.Debug|ARM.ActiveCfg = Debug|Any CPU
		{3B3D768F-4045-47C1-A78B-A47DC778238A}.Debug|ARM.Build.0 = Debug|Any CPU
		{3B3D768F-4045-47C1-A78B-A47DC778238A}.Debug|iPhone.ActiveCfg = Debug|Any CPU
		{3B3D768F-4045-47C1-A78B-A47DC778238A}.Debug|iPhone.Build.0 = Debug|Any CPU
		{3B3D768F-4045-47C1-A78B-A47DC778238A}.Debug|iPhoneSimulator.ActiveCfg = Debug|Any CPU
		{3B3D768F-4045-47C1-A78B-A47DC778238A}.Debug|iPhoneSimulator.Build.0 = Debug|Any CPU
		{3B3D768F-4045-47C1-A78B-A47DC778238A}.Debug|x64.ActiveCfg = Debug|Any CPU
		{3B3D768F-4045-47C1-A78B-A47DC778238A}.Debug|x64.Build.0 = Debug|Any CPU
		{3B3D768F-4045-47C1-A78B-A47DC778238A}.Debug|x86.ActiveCfg = Debug|Any CPU
		{3B3D768F-4045-47C1-A78B-A47DC778238A}.Debug|x86.Build.0 = Debug|Any CPU
		{3B3D768F-4045-47C1-A78B-A47DC778238A}.Release|Any CPU.ActiveCfg = Release|Any CPU
		{3B3D768F-4045-47C1-A78B-A47DC778238A}.Release|Any CPU.Build.0 = Release|Any CPU
		{3B3D768F-4045-47C1-A78B-A47DC778238A}.Release|ARM.ActiveCfg = Release|Any CPU
		{3B3D768F-4045-47C1-A78B-A47DC778238A}.Release|ARM.Build.0 = Release|Any CPU
		{3B3D768F-4045-47C1-A78B-A47DC778238A}.Release|iPhone.ActiveCfg = Release|Any CPU
		{3B3D768F-4045-47C1-A78B-A47DC778238A}.Release|iPhone.Build.0 = Release|Any CPU
		{3B3D768F-4045-47C1-A78B-A47DC778238A}.Release|iPhoneSimulator.ActiveCfg = Release|Any CPU
		{3B3D768F-4045-47C1-A78B-A47DC778238A}.Release|iPhoneSimulator.Build.0 = Release|Any CPU
		{3B3D768F-4045-47C1-A78B-A47DC778238A}.Release|x64.ActiveCfg = Release|Any CPU
		{3B3D768F-4045-47C1-A78B-A47DC778238A}.Release|x64.Build.0 = Release|Any CPU
		{3B3D768F-4045-47C1-A78B-A47DC778238A}.Release|x86.ActiveCfg = Release|Any CPU
		{3B3D768F-4045-47C1-A78B-A47DC778238A}.Release|x86.Build.0 = Release|Any CPU
	EndGlobalSection
	GlobalSection(SolutionProperties) = preSolution
		HideSolutionNode = FALSE
	EndGlobalSection
	GlobalSection(ExtensibilityGlobals) = postSolution
		SolutionGuid = {3E20CAF3-F008-4DC6-952E-67B5E9200CAE}
	EndGlobalSection
EndGlobal
